
Microsoft Visual Studio Solution File, Format Version 12.00
# Visual Studio Version 17
VisualStudioVersion = 17.4.33213.308
MinimumVisualStudioVersion = 10.0.40219.1
Project("{9A19103F-16F7-4668-BE54-9A1E7A4F7556}") = "GraphQL.Api", "GraphQL.Api\GraphQL.Api.csproj", "{EC2B1535-1C6B-4C31-B548-D79D84A13D3F}"
EndProject
Project("{9A19103F-16F7-4668-BE54-9A1E7A4F7556}") = "GraphQL.Api.Test", "GraphQL.Api.Test\GraphQL.Api.Test.csproj", "{714C4501-305A-4ADA-8DFB-3D1162788722}"
EndProject
Project("{9A19103F-16F7-4668-BE54-9A1E7A4F7556}") = "GraphQL.Api.Client", "GraphQL.Api.Client\GraphQL.Api.Client.csproj", "{ECE3302E-3F3F-4F1A-B22E-DD58EAB1F2F5}"
EndProject
Project("{FAE04EC0-301F-11D3-BF4B-00C04F79EFBC}") = "GraphQL.Internal", "GraphQL.Internal\GraphQL.Internal.csproj", "{C8783BB7-644B-46FE-AB28-123D6031BCFC}"
EndProject
Global
	GlobalSection(SolutionConfigurationPlatforms) = preSolution
		Debug|Any CPU = Debug|Any CPU
		Release|Any CPU = Release|Any CPU
	EndGlobalSection
	GlobalSection(ProjectConfigurationPlatforms) = postSolution
		{EC2B1535-1C6B-4C31-B548-D79D84A13D3F}.Debug|Any CPU.ActiveCfg = Debug|Any CPU
		{EC2B1535-1C6B-4C31-B548-D79D84A13D3F}.Debug|Any CPU.Build.0 = Debug|Any CPU
		{EC2B1535-1C6B-4C31-B548-D79D84A13D3F}.Release|Any CPU.ActiveCfg = Release|Any CPU
		{EC2B1535-1C6B-4C31-B548-D79D84A13D3F}.Release|Any CPU.Build.0 = Release|Any CPU
		{714C4501-305A-4ADA-8DFB-3D1162788722}.Debug|Any CPU.ActiveCfg = Debug|Any CPU
		{714C4501-305A-4ADA-8DFB-3D1162788722}.Debug|Any CPU.Build.0 = Debug|Any CPU
		{714C4501-305A-4ADA-8DFB-3D1162788722}.Release|Any CPU.ActiveCfg = Release|Any CPU
		{714C4501-305A-4ADA-8DFB-3D1162788722}.Release|Any CPU.Build.0 = Release|Any CPU
		{ECE3302E-3F3F-4F1A-B22E-DD58EAB1F2F5}.Debug|Any CPU.ActiveCfg = Debug|Any CPU
		{ECE3302E-3F3F-4F1A-B22E-DD58EAB1F2F5}.Debug|Any CPU.Build.0 = Debug|Any CPU
		{ECE3302E-3F3F-4F1A-B22E-DD58EAB1F2F5}.Release|Any CPU.ActiveCfg = Release|Any CPU
		{ECE3302E-3F3F-4F1A-B22E-DD58EAB1F2F5}.Release|Any CPU.Build.0 = Release|Any CPU
		{C8783BB7-644B-46FE-AB28-123D6031BCFC}.Debug|Any CPU.ActiveCfg = Debug|Any CPU
		{C8783BB7-644B-46FE-AB28-123D6031BCFC}.Debug|Any CPU.Build.0 = Debug|Any CPU
		{C8783BB7-644B-46FE-AB28-123D6031BCFC}.Release|Any CPU.ActiveCfg = Release|Any CPU
		{C8783BB7-644B-46FE-AB28-123D6031BCFC}.Release|Any CPU.Build.0 = Release|Any CPU
	EndGlobalSection
	GlobalSection(SolutionProperties) = preSolution
		HideSolutionNode = FALSE
	EndGlobalSection
	GlobalSection(ExtensibilityGlobals) = postSolution
		SolutionGuid = {418CFA5A-6950-475A-9EB6-5E09EFEBA4FC}
	EndGlobalSection
EndGlobal
